// !$*UTF8*$!
{
	archiveVersion = 1;
	classes = {
	};
	objectVersion = 56;
	objects = {

/* Begin PBXBuildFile section */
		5A4E6BC029ED514500856CAD /* Double+Extension.swift in Sources */ = {isa = PBXBuildFile; fileRef = 5A4E6BBF29ED514400856CAD /* Double+Extension.swift */; };
		5A4E6BC229ED5AB300856CAD /* PizzaViewModel.swift in Sources */ = {isa = PBXBuildFile; fileRef = 5A4E6BC129ED5AB300856CAD /* PizzaViewModel.swift */; };
		5A4E6BC429ED5AE200856CAD /* PizzaModel.swift in Sources */ = {isa = PBXBuildFile; fileRef = 5A4E6BC329ED5AE200856CAD /* PizzaModel.swift */; };
		5A4E6BC629ED5BEE00856CAD /* UIImageView+Extension.swift in Sources */ = {isa = PBXBuildFile; fileRef = 5A4E6BC529ED5BEE00856CAD /* UIImageView+Extension.swift */; };
		5A4E6BC829ED5F0400856CAD /* BadgeButton.swift in Sources */ = {isa = PBXBuildFile; fileRef = 5A4E6BC729ED5F0400856CAD /* BadgeButton.swift */; };
		5A7A6F6B29E6AC2900F673B2 /* AppDelegate.swift in Sources */ = {isa = PBXBuildFile; fileRef = 5A7A6F6A29E6AC2900F673B2 /* AppDelegate.swift */; };
		5A7A6F6F29E6AC2900F673B2 /* PizzaViewController.swift in Sources */ = {isa = PBXBuildFile; fileRef = 5A7A6F6E29E6AC2900F673B2 /* PizzaViewController.swift */; };
		5A7A6F7229E6AC2900F673B2 /* Main.storyboard in Resources */ = {isa = PBXBuildFile; fileRef = 5A7A6F7029E6AC2900F673B2 /* Main.storyboard */; };
		5A7A6F7429E6AC2C00F673B2 /* Assets.xcassets in Resources */ = {isa = PBXBuildFile; fileRef = 5A7A6F7329E6AC2C00F673B2 /* Assets.xcassets */; };
		5A7A6F7729E6AC2C00F673B2 /* LaunchScreen.storyboard in Resources */ = {isa = PBXBuildFile; fileRef = 5A7A6F7529E6AC2C00F673B2 /* LaunchScreen.storyboard */; };
		5A7A6F8329E6B87500F673B2 /* UIView+Extension.swift in Sources */ = {isa = PBXBuildFile; fileRef = 5A7A6F8229E6B87500F673B2 /* UIView+Extension.swift */; };
		5A7A6F8B29E6C41A00F673B2 /* AddonCollectionViewCell.swift in Sources */ = {isa = PBXBuildFile; fileRef = 5A7A6F8929E6C41A00F673B2 /* AddonCollectionViewCell.swift */; };
		5A7A6F8C29E6C41A00F673B2 /* AddonCollectionViewCell.xib in Resources */ = {isa = PBXBuildFile; fileRef = 5A7A6F8A29E6C41A00F673B2 /* AddonCollectionViewCell.xib */; };
		5A7A6F8F29E6C4F600F673B2 /* UICollectionView+Extension.swift in Sources */ = {isa = PBXBuildFile; fileRef = 5A7A6F8E29E6C4F600F673B2 /* UICollectionView+Extension.swift */; };
/* End PBXBuildFile section */

/* Begin PBXFileReference section */
		5A4E6BBF29ED514400856CAD /* Double+Extension.swift */ = {isa = PBXFileReference; lastKnownFileType = sourcecode.swift; path = "Double+Extension.swift"; sourceTree = "<group>"; };
		5A4E6BC129ED5AB300856CAD /* PizzaViewModel.swift */ = {isa = PBXFileReference; lastKnownFileType = sourcecode.swift; path = PizzaViewModel.swift; sourceTree = "<group>"; };
		5A4E6BC329ED5AE200856CAD /* PizzaModel.swift */ = {isa = PBXFileReference; lastKnownFileType = sourcecode.swift; path = PizzaModel.swift; sourceTree = "<group>"; };
		5A4E6BC529ED5BEE00856CAD /* UIImageView+Extension.swift */ = {isa = PBXFileReference; lastKnownFileType = sourcecode.swift; path = "UIImageView+Extension.swift"; sourceTree = "<group>"; };
		5A4E6BC729ED5F0400856CAD /* BadgeButton.swift */ = {isa = PBXFileReference; lastKnownFileType = sourcecode.swift; path = BadgeButton.swift; sourceTree = "<group>"; };
		5A7A6F6729E6AC2900F673B2 /* My-Pizza-Example.app */ = {isa = PBXFileReference; explicitFileType = wrapper.application; includeInIndex = 0; path = "My-Pizza-Example.app"; sourceTree = BUILT_PRODUCTS_DIR; };
		5A7A6F6A29E6AC2900F673B2 /* AppDelegate.swift */ = {isa = PBXFileReference; lastKnownFileType = sourcecode.swift; path = AppDelegate.swift; sourceTree = "<group>"; };
		5A7A6F6E29E6AC2900F673B2 /* PizzaViewController.swift */ = {isa = PBXFileReference; lastKnownFileType = sourcecode.swift; path = PizzaViewController.swift; sourceTree = "<group>"; };
		5A7A6F7129E6AC2900F673B2 /* Base */ = {isa = PBXFileReference; lastKnownFileType = file.storyboard; name = Base; path = Base.lproj/Main.storyboard; sourceTree = "<group>"; };
		5A7A6F7329E6AC2C00F673B2 /* Assets.xcassets */ = {isa = PBXFileReference; lastKnownFileType = folder.assetcatalog; path = Assets.xcassets; sourceTree = "<group>"; };
		5A7A6F7629E6AC2C00F673B2 /* Base */ = {isa = PBXFileReference; lastKnownFileType = file.storyboard; name = Base; path = Base.lproj/LaunchScreen.storyboard; sourceTree = "<group>"; };
		5A7A6F7829E6AC2C00F673B2 /* Info.plist */ = {isa = PBXFileReference; lastKnownFileType = text.plist.xml; path = Info.plist; sourceTree = "<group>"; };
		5A7A6F8229E6B87500F673B2 /* UIView+Extension.swift */ = {isa = PBXFileReference; lastKnownFileType = sourcecode.swift; path = "UIView+Extension.swift"; sourceTree = "<group>"; };
		5A7A6F8929E6C41A00F673B2 /* AddonCollectionViewCell.swift */ = {isa = PBXFileReference; lastKnownFileType = sourcecode.swift; path = AddonCollectionViewCell.swift; sourceTree = "<group>"; };
		5A7A6F8A29E6C41A00F673B2 /* AddonCollectionViewCell.xib */ = {isa = PBXFileReference; lastKnownFileType = file.xib; path = AddonCollectionViewCell.xib; sourceTree = "<group>"; };
		5A7A6F8E29E6C4F600F673B2 /* UICollectionView+Extension.swift */ = {isa = PBXFileReference; fileEncoding = 4; lastKnownFileType = sourcecode.swift; path = "UICollectionView+Extension.swift"; sourceTree = "<group>"; };
/* End PBXFileReference section */

/* Begin PBXFrameworksBuildPhase section */
		5A7A6F6429E6AC2900F673B2 /* Frameworks */ = {
			isa = PBXFrameworksBuildPhase;
			buildActionMask = 2147483647;
			files = (
			);
			runOnlyForDeploymentPostprocessing = 0;
		};
/* End PBXFrameworksBuildPhase section */

/* Begin PBXGroup section */
		5A7A6F5E29E6AC2900F673B2 = {
			isa = PBXGroup;
			children = (
				5A7A6F6929E6AC2900F673B2 /* My-Pizza-Example */,
				5A7A6F6829E6AC2900F673B2 /* Products */,
			);
			sourceTree = "<group>";
		};
		5A7A6F6829E6AC2900F673B2 /* Products */ = {
			isa = PBXGroup;
			children = (
				5A7A6F6729E6AC2900F673B2 /* My-Pizza-Example.app */,
			);
			name = Products;
			sourceTree = "<group>";
		};
		5A7A6F6929E6AC2900F673B2 /* My-Pizza-Example */ = {
			isa = PBXGroup;
			children = (
				5A7A6F8029E6AC9600F673B2 /* AppDelegate */,
				5A7A6F8129E6ACB200F673B2 /* PizzaScreen */,
				5A7A6F7F29E6AC8800F673B2 /* Storyboard */,
				5A7A6F7E29E6AC7500F673B2 /* Global */,
			);
			path = "My-Pizza-Example";
			sourceTree = "<group>";
		};
		5A7A6F7E29E6AC7500F673B2 /* Global */ = {
			isa = PBXGroup;
			children = (
				5A7A6F7829E6AC2C00F673B2 /* Info.plist */,
				5A7A6F7329E6AC2C00F673B2 /* Assets.xcassets */,
				5A4E6BC729ED5F0400856CAD /* BadgeButton.swift */,
				5A7A6F7529E6AC2C00F673B2 /* LaunchScreen.storyboard */,
				5A7A6F8229E6B87500F673B2 /* UIView+Extension.swift */,
				5A4E6BBF29ED514400856CAD /* Double+Extension.swift */,
				5A4E6BC529ED5BEE00856CAD /* UIImageView+Extension.swift */,
				5A7A6F8E29E6C4F600F673B2 /* UICollectionView+Extension.swift */,
			);
			path = Global;
			sourceTree = "<group>";
		};
		5A7A6F7F29E6AC8800F673B2 /* Storyboard */ = {
			isa = PBXGroup;
			children = (
				5A7A6F7029E6AC2900F673B2 /* Main.storyboard */,
			);
			path = Storyboard;
			sourceTree = "<group>";
		};
		5A7A6F8029E6AC9600F673B2 /* AppDelegate */ = {
			isa = PBXGroup;
			children = (
				5A7A6F6A29E6AC2900F673B2 /* AppDelegate.swift */,
			);
			path = AppDelegate;
			sourceTree = "<group>";
		};
		5A7A6F8129E6ACB200F673B2 /* PizzaScreen */ = {
			isa = PBXGroup;
			children = (
				5A4E6BC329ED5AE200856CAD /* PizzaModel.swift */,
				5A4E6BC129ED5AB300856CAD /* PizzaViewModel.swift */,
				5A7A6F6E29E6AC2900F673B2 /* PizzaViewController.swift */,
				5A7A6F8D29E6C42100F673B2 /* AddonCollectionViewCell */,
			);
			path = PizzaScreen;
			sourceTree = "<group>";
		};
		5A7A6F8D29E6C42100F673B2 /* AddonCollectionViewCell */ = {
			isa = PBXGroup;
			children = (
				5A7A6F8929E6C41A00F673B2 /* AddonCollectionViewCell.swift */,
				5A7A6F8A29E6C41A00F673B2 /* AddonCollectionViewCell.xib */,
			);
			path = AddonCollectionViewCell;
			sourceTree = "<group>";
		};
/* End PBXGroup section */

/* Begin PBXNativeTarget section */
		5A7A6F6629E6AC2900F673B2 /* My-Pizza-Example */ = {
			isa = PBXNativeTarget;
			buildConfigurationList = 5A7A6F7B29E6AC2C00F673B2 /* Build configuration list for PBXNativeTarget "My-Pizza-Example" */;
			buildPhases = (
				5A7A6F6329E6AC2900F673B2 /* Sources */,
				5A7A6F6429E6AC2900F673B2 /* Frameworks */,
				5A7A6F6529E6AC2900F673B2 /* Resources */,
			);
			buildRules = (
			);
			dependencies = (
			);
			name = "My-Pizza-Example";
			productName = "My-Pizza-Example";
			productReference = 5A7A6F6729E6AC2900F673B2 /* My-Pizza-Example.app */;
			productType = "com.apple.product-type.application";
		};
/* End PBXNativeTarget section */

/* Begin PBXProject section */
		5A7A6F5F29E6AC2900F673B2 /* Project object */ = {
			isa = PBXProject;
			attributes = {
				BuildIndependentTargetsInParallel = 1;
				LastSwiftUpdateCheck = 1420;
				LastUpgradeCheck = 1420;
				TargetAttributes = {
					5A7A6F6629E6AC2900F673B2 = {
						CreatedOnToolsVersion = 14.2;
					};
				};
			};
			buildConfigurationList = 5A7A6F6229E6AC2900F673B2 /* Build configuration list for PBXProject "My-Pizza-Example" */;
			compatibilityVersion = "Xcode 14.0";
			developmentRegion = en;
			hasScannedForEncodings = 0;
			knownRegions = (
				en,
				Base,
			);
			mainGroup = 5A7A6F5E29E6AC2900F673B2;
			productRefGroup = 5A7A6F6829E6AC2900F673B2 /* Products */;
			projectDirPath = "";
			projectRoot = "";
			targets = (
				5A7A6F6629E6AC2900F673B2 /* My-Pizza-Example */,
			);
		};
/* End PBXProject section */

/* Begin PBXResourcesBuildPhase section */
		5A7A6F6529E6AC2900F673B2 /* Resources */ = {
			isa = PBXResourcesBuildPhase;
			buildActionMask = 2147483647;
			files = (
				5A7A6F7729E6AC2C00F673B2 /* LaunchScreen.storyboard in Resources */,
				5A7A6F8C29E6C41A00F673B2 /* AddonCollectionViewCell.xib in Resources */,
				5A7A6F7429E6AC2C00F673B2 /* Assets.xcassets in Resources */,
				5A7A6F7229E6AC2900F673B2 /* Main.storyboard in Resources */,
			);
			runOnlyForDeploymentPostprocessing = 0;
		};
/* End PBXResourcesBuildPhase section */

/* Begin PBXSourcesBuildPhase section */
		5A7A6F6329E6AC2900F673B2 /* Sources */ = {
			isa = PBXSourcesBuildPhase;
			buildActionMask = 2147483647;
			files = (
				5A7A6F8329E6B87500F673B2 /* UIView+Extension.swift in Sources */,
				5A7A6F8F29E6C4F600F673B2 /* UICollectionView+Extension.swift in Sources */,
				5A4E6BC429ED5AE200856CAD /* PizzaModel.swift in Sources */,
				5A4E6BC629ED5BEE00856CAD /* UIImageView+Extension.swift in Sources */,
				5A4E6BC029ED514500856CAD /* Double+Extension.swift in Sources */,
				5A4E6BC229ED5AB300856CAD /* PizzaViewModel.swift in Sources */,
				5A7A6F8B29E6C41A00F673B2 /* AddonCollectionViewCell.swift in Sources */,
				5A4E6BC829ED5F0400856CAD /* BadgeButton.swift in Sources */,
				5A7A6F6F29E6AC2900F673B2 /* PizzaViewController.swift in Sources */,
				5A7A6F6B29E6AC2900F673B2 /* AppDelegate.swift in Sources */,
			);
			runOnlyForDeploymentPostprocessing = 0;
		};
/* End PBXSourcesBuildPhase section */

/* Begin PBXVariantGroup section */
		5A7A6F7029E6AC2900F673B2 /* Main.storyboard */ = {
			isa = PBXVariantGroup;
			children = (
				5A7A6F7129E6AC2900F673B2 /* Base */,
			);
			name = Main.storyboard;
			sourceTree = "<group>";
		};
		5A7A6F7529E6AC2C00F673B2 /* LaunchScreen.storyboard */ = {
			isa = PBXVariantGroup;
			children = (
				5A7A6F7629E6AC2C00F673B2 /* Base */,
			);
			name = LaunchScreen.storyboard;
			sourceTree = "<group>";
		};
/* End PBXVariantGroup section */

/* Begin XCBuildConfiguration section */
		5A7A6F7929E6AC2C00F673B2 /* Debug */ = {
			isa = XCBuildConfiguration;
			buildSettings = {
				ALWAYS_SEARCH_USER_PATHS = NO;
				CLANG_ANALYZER_NONNULL = YES;
				CLANG_ANALYZER_NUMBER_OBJECT_CONVERSION = YES_AGGRESSIVE;
				CLANG_CXX_LANGUAGE_STANDARD = "gnu++20";
				CLANG_ENABLE_MODULES = YES;
				CLANG_ENABLE_OBJC_ARC = YES;
				CLANG_ENABLE_OBJC_WEAK = YES;
				CLANG_WARN_BLOCK_CAPTURE_AUTORELEASING = YES;
				CLANG_WARN_BOOL_CONVERSION = YES;
				CLANG_WARN_COMMA = YES;
				CLANG_WARN_CONSTANT_CONVERSION = YES;
				CLANG_WARN_DEPRECATED_OBJC_IMPLEMENTATIONS = YES;
				CLANG_WARN_DIRECT_OBJC_ISA_USAGE = YES_ERROR;
				CLANG_WARN_DOCUMENTATION_COMMENTS = YES;
				CLANG_WARN_EMPTY_BODY = YES;
				CLANG_WARN_ENUM_CONVERSION = YES;
				CLANG_WARN_INFINITE_RECURSION = YES;
				CLANG_WARN_INT_CONVERSION = YES;
				CLANG_WARN_NON_LITERAL_NULL_CONVERSION = YES;
				CLANG_WARN_OBJC_IMPLICIT_RETAIN_SELF = YES;
				CLANG_WARN_OBJC_LITERAL_CONVERSION = YES;
				CLANG_WARN_OBJC_ROOT_CLASS = YES_ERROR;
				CLANG_WARN_QUOTED_INCLUDE_IN_FRAMEWORK_HEADER = YES;
				CLANG_WARN_RANGE_LOOP_ANALYSIS = YES;
				CLANG_WARN_STRICT_PROTOTYPES = YES;
				CLANG_WARN_SUSPICIOUS_MOVE = YES;
				CLANG_WARN_UNGUARDED_AVAILABILITY = YES_AGGRESSIVE;
				CLANG_WARN_UNREACHABLE_CODE = YES;
				CLANG_WARN__DUPLICATE_METHOD_MATCH = YES;
				COPY_PHASE_STRIP = NO;
				DEBUG_INFORMATION_FORMAT = dwarf;
				ENABLE_STRICT_OBJC_MSGSEND = YES;
				ENABLE_TESTABILITY = YES;
				GCC_C_LANGUAGE_STANDARD = gnu11;
				GCC_DYNAMIC_NO_PIC = NO;
				GCC_NO_COMMON_BLOCKS = YES;
				GCC_OPTIMIZATION_LEVEL = 0;
				GCC_PREPROCESSOR_DEFINITIONS = (
					"DEBUG=1",
					"$(inherited)",
				);
				GCC_WARN_64_TO_32_BIT_CONVERSION = YES;
				GCC_WARN_ABOUT_RETURN_TYPE = YES_ERROR;
				GCC_WARN_UNDECLARED_SELECTOR = YES;
				GCC_WARN_UNINITIALIZED_AUTOS = YES_AGGRESSIVE;
				GCC_WARN_UNUSED_FUNCTION = YES;
				GCC_WARN_UNUSED_VARIABLE = YES;
				IPHONEOS_DEPLOYMENT_TARGET = 16.2;
				MTL_ENABLE_DEBUG_INFO = INCLUDE_SOURCE;
				MTL_FAST_MATH = YES;
				ONLY_ACTIVE_ARCH = YES;
				SDKROOT = iphoneos;
				SWIFT_ACTIVE_COMPILATION_CONDITIONS = DEBUG;
				SWIFT_OPTIMIZATION_LEVEL = "-Onone";
			};
			name = Debug;
		};
		5A7A6F7A29E6AC2C00F673B2 /* Release */ = {
			isa = XCBuildConfiguration;
			buildSettings = {
				ALWAYS_SEARCH_USER_PATHS = NO;
				CLANG_ANALYZER_NONNULL = YES;
				CLANG_ANALYZER_NUMBER_OBJECT_CONVERSION = YES_AGGRESSIVE;
				CLANG_CXX_LANGUAGE_STANDARD = "gnu++20";
				CLANG_ENABLE_MODULES = YES;
				CLANG_ENABLE_OBJC_ARC = YES;
				CLANG_ENABLE_OBJC_WEAK = YES;
				CLANG_WARN_BLOCK_CAPTURE_AUTORELEASING = YES;
				CLANG_WARN_BOOL_CONVERSION = YES;
				CLANG_WARN_COMMA = YES;
				CLANG_WARN_CONSTANT_CONVERSION = YES;
				CLANG_WARN_DEPRECATED_OBJC_IMPLEMENTATIONS = YES;
				CLANG_WARN_DIRECT_OBJC_ISA_USAGE = YES_ERROR;
				CLANG_WARN_DOCUMENTATION_COMMENTS = YES;
				CLANG_WARN_EMPTY_BODY = YES;
				CLANG_WARN_ENUM_CONVERSION = YES;
				CLANG_WARN_INFINITE_RECURSION = YES;
				CLANG_WARN_INT_CONVERSION = YES;
				CLANG_WARN_NON_LITERAL_NULL_CONVERSION = YES;
				CLANG_WARN_OBJC_IMPLICIT_RETAIN_SELF = YES;
				CLANG_WARN_OBJC_LITERAL_CONVERSION = YES;
				CLANG_WARN_OBJC_ROOT_CLASS = YES_ERROR;
				CLANG_WARN_QUOTED_INCLUDE_IN_FRAMEWORK_HEADER = YES;
				CLANG_WARN_RANGE_LOOP_ANALYSIS = YES;
				CLANG_WARN_STRICT_PROTOTYPES = YES;
				CLANG_WARN_SUSPICIOUS_MOVE = YES;
				CLANG_WARN_UNGUARDED_AVAILABILITY = YES_AGGRESSIVE;
				CLANG_WARN_UNREACHABLE_CODE = YES;
				CLANG_WARN__DUPLICATE_METHOD_MATCH = YES;
				COPY_PHASE_STRIP = NO;
				DEBUG_INFORMATION_FORMAT = "dwarf-with-dsym";
				ENABLE_NS_ASSERTIONS = NO;
				ENABLE_STRICT_OBJC_MSGSEND = YES;
				GCC_C_LANGUAGE_STANDARD = gnu11;
				GCC_NO_COMMON_BLOCKS = YES;
				GCC_WARN_64_TO_32_BIT_CONVERSION = YES;
				GCC_WARN_ABOUT_RETURN_TYPE = YES_ERROR;
				GCC_WARN_UNDECLARED_SELECTOR = YES;
				GCC_WARN_UNINITIALIZED_AUTOS = YES_AGGRESSIVE;
				GCC_WARN_UNUSED_FUNCTION = YES;
				GCC_WARN_UNUSED_VARIABLE = YES;
				IPHONEOS_DEPLOYMENT_TARGET = 16.2;
				MTL_ENABLE_DEBUG_INFO = NO;
				MTL_FAST_MATH = YES;
				SDKROOT = iphoneos;
				SWIFT_COMPILATION_MODE = wholemodule;
				SWIFT_OPTIMIZATION_LEVEL = "-O";
				VALIDATE_PRODUCT = YES;
			};
			name = Release;
		};
		5A7A6F7C29E6AC2C00F673B2 /* Debug */ = {
			isa = XCBuildConfiguration;
			buildSettings = {
				ASSETCATALOG_COMPILER_APPICON_NAME = AppIcon;
				ASSETCATALOG_COMPILER_GLOBAL_ACCENT_COLOR_NAME = AccentColor;
				CODE_SIGN_STYLE = Automatic;
				CURRENT_PROJECT_VERSION = 1;
				DEVELOPMENT_TEAM = 6CWF679Z8N;
				GENERATE_INFOPLIST_FILE = YES;
				INFOPLIST_FILE = "My-Pizza-Example/Global/Info.plist";
				INFOPLIST_KEY_UIApplicationSupportsIndirectInputEvents = YES;
				INFOPLIST_KEY_UILaunchStoryboardName = LaunchScreen;
				INFOPLIST_KEY_UIMainStoryboardFile = Main;
				INFOPLIST_KEY_UISupportedInterfaceOrientations_iPad = "UIInterfaceOrientationPortrait UIInterfaceOrientationPortraitUpsideDown UIInterfaceOrientationLandscapeLeft UIInterfaceOrientationLandscapeRight";
				INFOPLIST_KEY_UISupportedInterfaceOrientations_iPhone = "UIInterfaceOrientationPortrait UIInterfaceOrientationLandscapeLeft UIInterfaceOrientationLandscapeRight";
				IPHONEOS_DEPLOYMENT_TARGET = 15.2;
				LD_RUNPATH_SEARCH_PATHS = (
					"$(inherited)",
					"@executable_path/Frameworks",
				);
				MARKETING_VERSION = 1.0;
				PRODUCT_BUNDLE_IDENTIFIER = "Sparkout-Tech-Solution-Pvt-Ltd.My-Pizza-Example";
				PRODUCT_NAME = "$(TARGET_NAME)";
				SUPPORTED_PLATFORMS = "iphoneos iphonesimulator";
				SUPPORTS_MACCATALYST = NO;
				SUPPORTS_MAC_DESIGNED_FOR_IPHONE_IPAD = NO;
				SWIFT_EMIT_LOC_STRINGS = YES;
				SWIFT_VERSION = 5.0;
				TARGETED_DEVICE_FAMILY = "1,2";
			};
			name = Debug;
		};
		5A7A6F7D29E6AC2C00F673B2 /* Release */ = {
			isa = XCBuildConfiguration;
			buildSettings = {
				ASSETCATALOG_COMPILER_APPICON_NAME = AppIcon;
				ASSETCATALOG_COMPILER_GLOBAL_ACCENT_COLOR_NAME = AccentColor;
				CODE_SIGN_STYLE = Automatic;
				CURRENT_PROJECT_VERSION = 1;
				DEVELOPMENT_TEAM = 6CWF679Z8N;
				GENERATE_INFOPLIST_FILE = YES;
				INFOPLIST_FILE = "My-Pizza-Example/Global/Info.plist";
				INFOPLIST_KEY_UIApplicationSupportsIndirectInputEvents = YES;
				INFOPLIST_KEY_UILaunchStoryboardName = LaunchScreen;
				INFOPLIST_KEY_UIMainStoryboardFile = Main;
				INFOPLIST_KEY_UISupportedInterfaceOrientations_iPad = "UIInterfaceOrientationPortrait UIInterfaceOrientationPortraitUpsideDown UIInterfaceOrientationLandscapeLeft UIInterfaceOrientationLandscapeRight";
				INFOPLIST_KEY_UISupportedInterfaceOrientations_iPhone = "UIInterfaceOrientationPortrait UIInterfaceOrientationLandscapeLeft UIInterfaceOrientationLandscapeRight";
				IPHONEOS_DEPLOYMENT_TARGET = 15.2;
				LD_RUNPATH_SEARCH_PATHS = (
					"$(inherited)",
					"@executable_path/Frameworks",
				);
				MARKETING_VERSION = 1.0;
				PRODUCT_BUNDLE_IDENTIFIER = "Sparkout-Tech-Solution-Pvt-Ltd.My-Pizza-Example";
				PRODUCT_NAME = "$(TARGET_NAME)";
				SUPPORTED_PLATFORMS = "iphoneos iphonesimulator";
				SUPPORTS_MACCATALYST = NO;
				SUPPORTS_MAC_DESIGNED_FOR_IPHONE_IPAD = NO;
				SWIFT_EMIT_LOC_STRINGS = YES;
				SWIFT_VERSION = 5.0;
				TARGETED_DEVICE_FAMILY = "1,2";
			};
			name = Release;
		};
/* End XCBuildConfiguration section */

/* Begin XCConfigurationList section */
		5A7A6F6229E6AC2900F673B2 /* Build configuration list for PBXProject "My-Pizza-Example" */ = {
			isa = XCConfigurationList;
			buildConfigurations = (
				5A7A6F7929E6AC2C00F673B2 /* Debug */,
				5A7A6F7A29E6AC2C00F673B2 /* Release */,
			);
			defaultConfigurationIsVisible = 0;
			defaultConfigurationName = Release;
		};
		5A7A6F7B29E6AC2C00F673B2 /* Build configuration list for PBXNativeTarget "My-Pizza-Example" */ = {
			isa = XCConfigurationList;
			buildConfigurations = (
				5A7A6F7C29E6AC2C00F673B2 /* Debug */,
				5A7A6F7D29E6AC2C00F673B2 /* Release */,
			);
			defaultConfigurationIsVisible = 0;
			defaultConfigurationName = Release;
		};
/* End XCConfigurationList section */
	};
	rootObject = 5A7A6F5F29E6AC2900F673B2 /* Project object */;
}
